
Microsoft Visual Studio Solution File, Format Version 12.00
# Visual Studio Version 16
VisualStudioVersion = 16.0.30517.126
MinimumVisualStudioVersion = 10.0.40219.1
Project("{FAE04EC0-301F-11D3-BF4B-00C04F79EFBC}") = "AssRockAndPaperGame", "AssRockAndPaperGame\AssRockAndPaperGame.csproj", "{F4545D33-1D05-4204-81E8-2CD59D314724}"
EndProject
Global
	GlobalSection(SolutionConfigurationPlatforms) = preSolution
		Debug|Any CPU = Debug|Any CPU
		Release|Any CPU = Release|Any CPU
	EndGlobalSection
	GlobalSection(ProjectConfigurationPlatforms) = postSolution
		{F4545D33-1D05-4204-81E8-2CD59D314724}.Debug|Any CPU.ActiveCfg = Debug|Any CPU
		{F4545D33-1D05-4204-81E8-2CD59D314724}.Debug|Any CPU.Build.0 = Debug|Any CPU
		{F4545D33-1D05-4204-81E8-2CD59D314724}.Release|Any CPU.ActiveCfg = Release|Any CPU
		{F4545D33-1D05-4204-81E8-2CD59D314724}.Release|Any CPU.Build.0 = Release|Any CPU
	EndGlobalSection
	GlobalSection(SolutionProperties) = preSolution
		HideSolutionNode = FALSE
	EndGlobalSection
	GlobalSection(ExtensibilityGlobals) = postSolution
		SolutionGuid = {4D412BA2-1B9E-4F14-BD99-E555950A97EE}
	EndGlobalSection
EndGlobal
